// !$*UTF8*$!
{
	archiveVersion = 1;
	classes = {
	};
	objectVersion = 46;
	objects = {

/* Begin PBXBuildFile section */
		464F0E5C1C07191600536587 /* AppDelegate.swift in Sources */ = {isa = PBXBuildFile; fileRef = 464F0E5B1C07191600536587 /* AppDelegate.swift */; };
		464F0E5E1C07191600536587 /* ViewController.swift in Sources */ = {isa = PBXBuildFile; fileRef = 464F0E5D1C07191600536587 /* ViewController.swift */; };
		464F0E611C07191600536587 /* Main.storyboard in Resources */ = {isa = PBXBuildFile; fileRef = 464F0E5F1C07191600536587 /* Main.storyboard */; };
		464F0E641C07191600536587 /* emotipic.xcdatamodeld in Sources */ = {isa = PBXBuildFile; fileRef = 464F0E621C07191600536587 /* emotipic.xcdatamodeld */; };
		464F0E661C07191600536587 /* Assets.xcassets in Resources */ = {isa = PBXBuildFile; fileRef = 464F0E651C07191600536587 /* Assets.xcassets */; };
		464F0E691C07191600536587 /* LaunchScreen.storyboard in Resources */ = {isa = PBXBuildFile; fileRef = 464F0E671C07191600536587 /* LaunchScreen.storyboard */; };
		464F0E741C07191600536587 /* emotipicTests.swift in Sources */ = {isa = PBXBuildFile; fileRef = 464F0E731C07191600536587 /* emotipicTests.swift */; };
		464F0E7F1C07191600536587 /* emotipicUITests.swift in Sources */ = {isa = PBXBuildFile; fileRef = 464F0E7E1C07191600536587 /* emotipicUITests.swift */; };
		46D8EBDC1C0963F600772AE5 /* Alamofire.framework in Frameworks */ = {isa = PBXBuildFile; fileRef = 46D8EBDB1C0963F600772AE5 /* Alamofire.framework */; };
/* End PBXBuildFile section */

/* Begin PBXContainerItemProxy section */
		464F0E701C07191600536587 /* PBXContainerItemProxy */ = {
			isa = PBXContainerItemProxy;
			containerPortal = 464F0E501C07191600536587 /* Project object */;
			proxyType = 1;
			remoteGlobalIDString = 464F0E571C07191600536587;
			remoteInfo = emotipic;
		};
		464F0E7B1C07191600536587 /* PBXContainerItemProxy */ = {
			isa = PBXContainerItemProxy;
			containerPortal = 464F0E501C07191600536587 /* Project object */;
			proxyType = 1;
			remoteGlobalIDString = 464F0E571C07191600536587;
			remoteInfo = emotipic;
		};
/* End PBXContainerItemProxy section */

/* Begin PBXFileReference section */
		464F0E581C07191600536587 /* emotipic.app */ = {isa = PBXFileReference; explicitFileType = wrapper.application; includeInIndex = 0; path = emotipic.app; sourceTree = BUILT_PRODUCTS_DIR; };
		464F0E5B1C07191600536587 /* AppDelegate.swift */ = {isa = PBXFileReference; lastKnownFileType = sourcecode.swift; path = AppDelegate.swift; sourceTree = "<group>"; };
		464F0E5D1C07191600536587 /* ViewController.swift */ = {isa = PBXFileReference; lastKnownFileType = sourcecode.swift; path = ViewController.swift; sourceTree = "<group>"; };
		464F0E601C07191600536587 /* Base */ = {isa = PBXFileReference; lastKnownFileType = file.storyboard; name = Base; path = Base.lproj/Main.storyboard; sourceTree = "<group>"; };
		464F0E631C07191600536587 /* emotipic.xcdatamodel */ = {isa = PBXFileReference; lastKnownFileType = wrapper.xcdatamodel; path = emotipic.xcdatamodel; sourceTree = "<group>"; };
		464F0E651C07191600536587 /* Assets.xcassets */ = {isa = PBXFileReference; lastKnownFileType = folder.assetcatalog; path = Assets.xcassets; sourceTree = "<group>"; };
		464F0E681C07191600536587 /* Base */ = {isa = PBXFileReference; lastKnownFileType = file.storyboard; name = Base; path = Base.lproj/LaunchScreen.storyboard; sourceTree = "<group>"; };
		464F0E6A1C07191600536587 /* Info.plist */ = {isa = PBXFileReference; lastKnownFileType = text.plist.xml; path = Info.plist; sourceTree = "<group>"; };
		464F0E6F1C07191600536587 /* emotipicTests.xctest */ = {isa = PBXFileReference; explicitFileType = wrapper.cfbundle; includeInIndex = 0; path = emotipicTests.xctest; sourceTree = BUILT_PRODUCTS_DIR; };
		464F0E731C07191600536587 /* emotipicTests.swift */ = {isa = PBXFileReference; lastKnownFileType = sourcecode.swift; path = emotipicTests.swift; sourceTree = "<group>"; };
		464F0E751C07191600536587 /* Info.plist */ = {isa = PBXFileReference; lastKnownFileType = text.plist.xml; path = Info.plist; sourceTree = "<group>"; };
		464F0E7A1C07191600536587 /* emotipicUITests.xctest */ = {isa = PBXFileReference; explicitFileType = wrapper.cfbundle; includeInIndex = 0; path = emotipicUITests.xctest; sourceTree = BUILT_PRODUCTS_DIR; };
		464F0E7E1C07191600536587 /* emotipicUITests.swift */ = {isa = PBXFileReference; lastKnownFileType = sourcecode.swift; path = emotipicUITests.swift; sourceTree = "<group>"; };
		464F0E801C07191600536587 /* Info.plist */ = {isa = PBXFileReference; lastKnownFileType = text.plist.xml; path = Info.plist; sourceTree = "<group>"; };
		46D8EBDB1C0963F600772AE5 /* Alamofire.framework */ = {isa = PBXFileReference; lastKnownFileType = wrapper.framework; name = Alamofire.framework; path = Carthage/Build/iOS/Alamofire.framework; sourceTree = "<group>"; };
/* End PBXFileReference section */

/* Begin PBXFrameworksBuildPhase section */
		464F0E551C07191600536587 /* Frameworks */ = {
			isa = PBXFrameworksBuildPhase;
			buildActionMask = 2147483647;
			files = (
				46D8EBDC1C0963F600772AE5 /* Alamofire.framework in Frameworks */,
			);
			runOnlyForDeploymentPostprocessing = 0;
		};
		464F0E6C1C07191600536587 /* Frameworks */ = {
			isa = PBXFrameworksBuildPhase;
			buildActionMask = 2147483647;
			files = (
			);
			runOnlyForDeploymentPostprocessing = 0;
		};
		464F0E771C07191600536587 /* Frameworks */ = {
			isa = PBXFrameworksBuildPhase;
			buildActionMask = 2147483647;
			files = (
			);
			runOnlyForDeploymentPostprocessing = 0;
		};
/* End PBXFrameworksBuildPhase section */

/* Begin PBXGroup section */
		464F0E4F1C07191600536587 = {
			isa = PBXGroup;
			children = (
				46D8EBDB1C0963F600772AE5 /* Alamofire.framework */,
				464F0E5A1C07191600536587 /* emotipic */,
				464F0E721C07191600536587 /* emotipicTests */,
				464F0E7D1C07191600536587 /* emotipicUITests */,
				464F0E591C07191600536587 /* Products */,
			);
			sourceTree = "<group>";
		};
		464F0E591C07191600536587 /* Products */ = {
			isa = PBXGroup;
			children = (
				464F0E581C07191600536587 /* emotipic.app */,
				464F0E6F1C07191600536587 /* emotipicTests.xctest */,
				464F0E7A1C07191600536587 /* emotipicUITests.xctest */,
			);
			name = Products;
			sourceTree = "<group>";
		};
		464F0E5A1C07191600536587 /* emotipic */ = {
			isa = PBXGroup;
			children = (
				464F0E5B1C07191600536587 /* AppDelegate.swift */,
				464F0E5D1C07191600536587 /* ViewController.swift */,
				464F0E5F1C07191600536587 /* Main.storyboard */,
				464F0E651C07191600536587 /* Assets.xcassets */,
				464F0E671C07191600536587 /* LaunchScreen.storyboard */,
				464F0E6A1C07191600536587 /* Info.plist */,
				464F0E621C07191600536587 /* emotipic.xcdatamodeld */,
			);
			path = emotipic;
			sourceTree = "<group>";
		};
		464F0E721C07191600536587 /* emotipicTests */ = {
			isa = PBXGroup;
			children = (
				464F0E731C07191600536587 /* emotipicTests.swift */,
				464F0E751C07191600536587 /* Info.plist */,
			);
			path = emotipicTests;
			sourceTree = "<group>";
		};
		464F0E7D1C07191600536587 /* emotipicUITests */ = {
			isa = PBXGroup;
			children = (
				464F0E7E1C07191600536587 /* emotipicUITests.swift */,
				464F0E801C07191600536587 /* Info.plist */,
			);
			path = emotipicUITests;
			sourceTree = "<group>";
		};
/* End PBXGroup section */

/* Begin PBXNativeTarget section */
		464F0E571C07191600536587 /* emotipic */ = {
			isa = PBXNativeTarget;
			buildConfigurationList = 464F0E831C07191600536587 /* Build configuration list for PBXNativeTarget "emotipic" */;
			buildPhases = (
				464F0E541C07191600536587 /* Sources */,
				464F0E551C07191600536587 /* Frameworks */,
				464F0E561C07191600536587 /* Resources */,
				46D8EBD81C095FDD00772AE5 /* ShellScript */,
			);
			buildRules = (
			);
			dependencies = (
			);
			name = emotipic;
			productName = emotipic;
			productReference = 464F0E581C07191600536587 /* emotipic.app */;
			productType = "com.apple.product-type.application";
		};
		464F0E6E1C07191600536587 /* emotipicTests */ = {
			isa = PBXNativeTarget;
			buildConfigurationList = 464F0E861C07191600536587 /* Build configuration list for PBXNativeTarget "emotipicTests" */;
			buildPhases = (
				464F0E6B1C07191600536587 /* Sources */,
				464F0E6C1C07191600536587 /* Frameworks */,
				464F0E6D1C07191600536587 /* Resources */,
			);
			buildRules = (
			);
			dependencies = (
				464F0E711C07191600536587 /* PBXTargetDependency */,
			);
			name = emotipicTests;
			productName = emotipicTests;
			productReference = 464F0E6F1C07191600536587 /* emotipicTests.xctest */;
			productType = "com.apple.product-type.bundle.unit-test";
		};
		464F0E791C07191600536587 /* emotipicUITests */ = {
			isa = PBXNativeTarget;
			buildConfigurationList = 464F0E891C07191600536587 /* Build configuration list for PBXNativeTarget "emotipicUITests" */;
			buildPhases = (
				464F0E761C07191600536587 /* Sources */,
				464F0E771C07191600536587 /* Frameworks */,
				464F0E781C07191600536587 /* Resources */,
			);
			buildRules = (
			);
			dependencies = (
				464F0E7C1C07191600536587 /* PBXTargetDependency */,
			);
			name = emotipicUITests;
			productName = emotipicUITests;
			productReference = 464F0E7A1C07191600536587 /* emotipicUITests.xctest */;
			productType = "com.apple.product-type.bundle.ui-testing";
		};
/* End PBXNativeTarget section */

/* Begin PBXProject section */
		464F0E501C07191600536587 /* Project object */ = {
			isa = PBXProject;
			attributes = {
				LastSwiftUpdateCheck = 0710;
				LastUpgradeCheck = 0710;
				ORGANIZATIONNAME = emotipic;
				TargetAttributes = {
					464F0E571C07191600536587 = {
						CreatedOnToolsVersion = 7.1;
						DevelopmentTeam = 2XNAMQ9T48;
					};
					464F0E6E1C07191600536587 = {
						CreatedOnToolsVersion = 7.1;
						TestTargetID = 464F0E571C07191600536587;
					};
					464F0E791C07191600536587 = {
						CreatedOnToolsVersion = 7.1;
						TestTargetID = 464F0E571C07191600536587;
					};
				};
			};
			buildConfigurationList = 464F0E531C07191600536587 /* Build configuration list for PBXProject "emotipic" */;
			compatibilityVersion = "Xcode 3.2";
			developmentRegion = English;
			hasScannedForEncodings = 0;
			knownRegions = (
				en,
				Base,
			);
			mainGroup = 464F0E4F1C07191600536587;
			productRefGroup = 464F0E591C07191600536587 /* Products */;
			projectDirPath = "";
			projectRoot = "";
			targets = (
				464F0E571C07191600536587 /* emotipic */,
				464F0E6E1C07191600536587 /* emotipicTests */,
				464F0E791C07191600536587 /* emotipicUITests */,
			);
		};
/* End PBXProject section */

/* Begin PBXResourcesBuildPhase section */
		464F0E561C07191600536587 /* Resources */ = {
			isa = PBXResourcesBuildPhase;
			buildActionMask = 2147483647;
			files = (
				464F0E691C07191600536587 /* LaunchScreen.storyboard in Resources */,
				464F0E661C07191600536587 /* Assets.xcassets in Resources */,
				464F0E611C07191600536587 /* Main.storyboard in Resources */,
			);
			runOnlyForDeploymentPostprocessing = 0;
		};
		464F0E6D1C07191600536587 /* Resources */ = {
			isa = PBXResourcesBuildPhase;
			buildActionMask = 2147483647;
			files = (
			);
			runOnlyForDeploymentPostprocessing = 0;
		};
		464F0E781C07191600536587 /* Resources */ = {
			isa = PBXResourcesBuildPhase;
			buildActionMask = 2147483647;
			files = (
			);
			runOnlyForDeploymentPostprocessing = 0;
		};
/* End PBXResourcesBuildPhase section */

/* Begin PBXShellScriptBuildPhase section */
		46D8EBD81C095FDD00772AE5 /* ShellScript */ = {
			isa = PBXShellScriptBuildPhase;
			buildActionMask = 12;
			files = (
			);
			inputPaths = (
				"$(SRCROOT)/Carthage/Build/iOS/Alamofire.framework",
			);
			outputPaths = (
			);
			runOnlyForDeploymentPostprocessing = 0;
			shellPath = /bin/sh;
			shellScript = "/usr/local/bin/carthage copy-frameworks";
		};
/* End PBXShellScriptBuildPhase section */

/* Begin PBXSourcesBuildPhase section */
		464F0E541C07191600536587 /* Sources */ = {
			isa = PBXSourcesBuildPhase;
			buildActionMask = 2147483647;
			files = (
				464F0E641C07191600536587 /* emotipic.xcdatamodeld in Sources */,
				464F0E5E1C07191600536587 /* ViewController.swift in Sources */,
				464F0E5C1C07191600536587 /* AppDelegate.swift in Sources */,
			);
			runOnlyForDeploymentPostprocessing = 0;
		};
		464F0E6B1C07191600536587 /* Sources */ = {
			isa = PBXSourcesBuildPhase;
			buildActionMask = 2147483647;
			files = (
				464F0E741C07191600536587 /* emotipicTests.swift in Sources */,
			);
			runOnlyForDeploymentPostprocessing = 0;
		};
		464F0E761C07191600536587 /* Sources */ = {
			isa = PBXSourcesBuildPhase;
			buildActionMask = 2147483647;
			files = (
				464F0E7F1C07191600536587 /* emotipicUITests.swift in Sources */,
			);
			runOnlyForDeploymentPostprocessing = 0;
		};
/* End PBXSourcesBuildPhase section */

/* Begin PBXTargetDependency section */
		464F0E711C07191600536587 /* PBXTargetDependency */ = {
			isa = PBXTargetDependency;
			target = 464F0E571C07191600536587 /* emotipic */;
			targetProxy = 464F0E701C07191600536587 /* PBXContainerItemProxy */;
		};
		464F0E7C1C07191600536587 /* PBXTargetDependency */ = {
			isa = PBXTargetDependency;
			target = 464F0E571C07191600536587 /* emotipic */;
			targetProxy = 464F0E7B1C07191600536587 /* PBXContainerItemProxy */;
		};
/* End PBXTargetDependency section */

/* Begin PBXVariantGroup section */
		464F0E5F1C07191600536587 /* Main.storyboard */ = {
			isa = PBXVariantGroup;
			children = (
				464F0E601C07191600536587 /* Base */,
			);
			name = Main.storyboard;
			sourceTree = "<group>";
		};
		464F0E671C07191600536587 /* LaunchScreen.storyboard */ = {
			isa = PBXVariantGroup;
			children = (
				464F0E681C07191600536587 /* Base */,
			);
			name = LaunchScreen.storyboard;
			sourceTree = "<group>";
		};
/* End PBXVariantGroup section */

/* Begin XCBuildConfiguration section */
		464F0E811C07191600536587 /* Debug */ = {
			isa = XCBuildConfiguration;
			buildSettings = {
				ALWAYS_SEARCH_USER_PATHS = NO;
				CLANG_CXX_LANGUAGE_STANDARD = "gnu++0x";
				CLANG_CXX_LIBRARY = "libc++";
				CLANG_ENABLE_MODULES = YES;
				CLANG_ENABLE_OBJC_ARC = YES;
				CLANG_WARN_BOOL_CONVERSION = YES;
				CLANG_WARN_CONSTANT_CONVERSION = YES;
				CLANG_WARN_DIRECT_OBJC_ISA_USAGE = YES_ERROR;
				CLANG_WARN_EMPTY_BODY = YES;
				CLANG_WARN_ENUM_CONVERSION = YES;
				CLANG_WARN_INT_CONVERSION = YES;
				CLANG_WARN_OBJC_ROOT_CLASS = YES_ERROR;
				CLANG_WARN_UNREACHABLE_CODE = YES;
				CLANG_WARN__DUPLICATE_METHOD_MATCH = YES;
				"CODE_SIGN_IDENTITY[sdk=iphoneos*]" = "iPhone Developer";
				COPY_PHASE_STRIP = NO;
				DEBUG_INFORMATION_FORMAT = dwarf;
				ENABLE_STRICT_OBJC_MSGSEND = YES;
				ENABLE_TESTABILITY = YES;
				GCC_C_LANGUAGE_STANDARD = gnu99;
				GCC_DYNAMIC_NO_PIC = NO;
				GCC_NO_COMMON_BLOCKS = YES;
				GCC_OPTIMIZATION_LEVEL = 0;
				GCC_PREPROCESSOR_DEFINITIONS = (
					"DEBUG=1",
					"$(inherited)",
				);
				GCC_WARN_64_TO_32_BIT_CONVERSION = YES;
				GCC_WARN_ABOUT_RETURN_TYPE = YES_ERROR;
				GCC_WARN_UNDECLARED_SELECTOR = YES;
				GCC_WARN_UNINITIALIZED_AUTOS = YES_AGGRESSIVE;
				GCC_WARN_UNUSED_FUNCTION = YES;
				GCC_WARN_UNUSED_VARIABLE = YES;
				IPHONEOS_DEPLOYMENT_TARGET = 9.1;
				MTL_ENABLE_DEBUG_INFO = YES;
				ONLY_ACTIVE_ARCH = YES;
				SDKROOT = iphoneos;
				SWIFT_OPTIMIZATION_LEVEL = "-Onone";
			};
			name = Debug;
		};
		464F0E821C07191600536587 /* Release */ = {
			isa = XCBuildConfiguration;
			buildSettings = {
				ALWAYS_SEARCH_USER_PATHS = NO;
				CLANG_CXX_LANGUAGE_STANDARD = "gnu++0x";
				CLANG_CXX_LIBRARY = "libc++";
				CLANG_ENABLE_MODULES = YES;
				CLANG_ENABLE_OBJC_ARC = YES;
				CLANG_WARN_BOOL_CONVERSION = YES;
				CLANG_WARN_CONSTANT_CONVERSION = YES;
				CLANG_WARN_DIRECT_OBJC_ISA_USAGE = YES_ERROR;
				CLANG_WARN_EMPTY_BODY = YES;
				CLANG_WARN_ENUM_CONVERSION = YES;
				CLANG_WARN_INT_CONVERSION = YES;
				CLANG_WARN_OBJC_ROOT_CLASS = YES_ERROR;
				CLANG_WARN_UNREACHABLE_CODE = YES;
				CLANG_WARN__DUPLICATE_METHOD_MATCH = YES;
				"CODE_SIGN_IDENTITY[sdk=iphoneos*]" = "iPhone Developer";
				COPY_PHASE_STRIP = NO;
				DEBUG_INFORMATION_FORMAT = "dwarf-with-dsym";
				ENABLE_NS_ASSERTIONS = NO;
				ENABLE_STRICT_OBJC_MSGSEND = YES;
				GCC_C_LANGUAGE_STANDARD = gnu99;
				GCC_NO_COMMON_BLOCKS = YES;
				GCC_WARN_64_TO_32_BIT_CONVERSION = YES;
				GCC_WARN_ABOUT_RETURN_TYPE = YES_ERROR;
				GCC_WARN_UNDECLARED_SELECTOR = YES;
				GCC_WARN_UNINITIALIZED_AUTOS = YES_AGGRESSIVE;
				GCC_WARN_UNUSED_FUNCTION = YES;
				GCC_WARN_UNUSED_VARIABLE = YES;
				IPHONEOS_DEPLOYMENT_TARGET = 9.1;
				MTL_ENABLE_DEBUG_INFO = NO;
				SDKROOT = iphoneos;
				VALIDATE_PRODUCT = YES;
			};
			name = Release;
		};
		464F0E841C07191600536587 /* Debug */ = {
			isa = XCBuildConfiguration;
			buildSettings = {
				ASSETCATALOG_COMPILER_APPICON_NAME = AppIcon;
				CODE_SIGN_IDENTITY = "iPhone Developer";
				FRAMEWORK_SEARCH_PATHS = (
					"$(inherited)",
					"$(PROJECT_DIR)/emotipic/Carthage/Build/iOS",
					"$(PROJECT_DIR)/Carthage/Build/iOS",
				);
				INFOPLIST_FILE = emotipic/Info.plist;
				LD_RUNPATH_SEARCH_PATHS = "$(inherited) @executable_path/Frameworks";
				PRODUCT_BUNDLE_IDENTIFIER = com.cgs.emotipic;
				PRODUCT_NAME = "$(TARGET_NAME)";
			};
			name = Debug;
		};
		464F0E851C07191600536587 /* Release */ = {
			isa = XCBuildConfiguration;
			buildSettings = {
				ASSETCATALOG_COMPILER_APPICON_NAME = AppIcon;
				CODE_SIGN_IDENTITY = "iPhone Developer";
				FRAMEWORK_SEARCH_PATHS = (
					"$(inherited)",
					"$(PROJECT_DIR)/emotipic/Carthage/Build/iOS",
					"$(PROJECT_DIR)/Carthage/Build/iOS",
				);
				INFOPLIST_FILE = emotipic/Info.plist;
				LD_RUNPATH_SEARCH_PATHS = "$(inherited) @executable_path/Frameworks";
				PRODUCT_BUNDLE_IDENTIFIER = com.cgs.emotipic;
				PRODUCT_NAME = "$(TARGET_NAME)";
			};
			name = Release;
		};
		464F0E871C07191600536587 /* Debug */ = {
			isa = XCBuildConfiguration;
			buildSettings = {
				BUNDLE_LOADER = "$(TEST_HOST)";
				INFOPLIST_FILE = emotipicTests/Info.plist;
				LD_RUNPATH_SEARCH_PATHS = "$(inherited) @executable_path/Frameworks @loader_path/Frameworks";
				PRODUCT_BUNDLE_IDENTIFIER = com.emotipic.emotipicTests;
				PRODUCT_NAME = "$(TARGET_NAME)";
				TEST_HOST = "$(BUILT_PRODUCTS_DIR)/emotipic.app/emotipic";
			};
			name = Debug;
		};
		464F0E881C07191600536587 /* Release */ = {
			isa = XCBuildConfiguration;
			buildSettings = {
				BUNDLE_LOADER = "$(TEST_HOST)";
				INFOPLIST_FILE = emotipicTests/Info.plist;
				LD_RUNPATH_SEARCH_PATHS = "$(inherited) @executable_path/Frameworks @loader_path/Frameworks";
				PRODUCT_BUNDLE_IDENTIFIER = com.emotipic.emotipicTests;
				PRODUCT_NAME = "$(TARGET_NAME)";
				TEST_HOST = "$(BUILT_PRODUCTS_DIR)/emotipic.app/emotipic";
			};
			name = Release;
		};
		464F0E8A1C07191600536587 /* Debug */ = {
			isa = XCBuildConfiguration;
			buildSettings = {
				INFOPLIST_FILE = emotipicUITests/Info.plist;
				LD_RUNPATH_SEARCH_PATHS = "$(inherited) @executable_path/Frameworks @loader_path/Frameworks";
				PRODUCT_BUNDLE_IDENTIFIER = com.emotipic.emotipicUITests;
				PRODUCT_NAME = "$(TARGET_NAME)";
				TEST_TARGET_NAME = emotipic;
				USES_XCTRUNNER = YES;
			};
			name = Debug;
		};
		464F0E8B1C07191600536587 /* Release */ = {
			isa = XCBuildConfiguration;
			buildSettings = {
				INFOPLIST_FILE = emotipicUITests/Info.plist;
				LD_RUNPATH_SEARCH_PATHS = "$(inherited) @executable_path/Frameworks @loader_path/Frameworks";
				PRODUCT_BUNDLE_IDENTIFIER = com.emotipic.emotipicUITests;
				PRODUCT_NAME = "$(TARGET_NAME)";
				TEST_TARGET_NAME = emotipic;
				USES_XCTRUNNER = YES;
			};
			name = Release;
		};
/* End XCBuildConfiguration section */

/* Begin XCConfigurationList section */
		464F0E531C07191600536587 /* Build configuration list for PBXProject "emotipic" */ = {
			isa = XCConfigurationList;
			buildConfigurations = (
				464F0E811C07191600536587 /* Debug */,
				464F0E821C07191600536587 /* Release */,
			);
			defaultConfigurationIsVisible = 0;
			defaultConfigurationName = Release;
		};
		464F0E831C07191600536587 /* Build configuration list for PBXNativeTarget "emotipic" */ = {
			isa = XCConfigurationList;
			buildConfigurations = (
				464F0E841C07191600536587 /* Debug */,
				464F0E851C07191600536587 /* Release */,
			);
			defaultConfigurationIsVisible = 0;
			defaultConfigurationName = Release;
		};
		464F0E861C07191600536587 /* Build configuration list for PBXNativeTarget "emotipicTests" */ = {
			isa = XCConfigurationList;
			buildConfigurations = (
				464F0E871C07191600536587 /* Debug */,
				464F0E881C07191600536587 /* Release */,
			);
			defaultConfigurationIsVisible = 0;
			defaultConfigurationName = Release;
		};
		464F0E891C07191600536587 /* Build configuration list for PBXNativeTarget "emotipicUITests" */ = {
			isa = XCConfigurationList;
			buildConfigurations = (
				464F0E8A1C07191600536587 /* Debug */,
				464F0E8B1C07191600536587 /* Release */,
			);
			defaultConfigurationIsVisible = 0;
			defaultConfigurationName = Release;
		};
/* End XCConfigurationList section */

/* Begin XCVersionGroup section */
		464F0E621C07191600536587 /* emotipic.xcdatamodeld */ = {
			isa = XCVersionGroup;
			children = (
				464F0E631C07191600536587 /* emotipic.xcdatamodel */,
			);
			currentVersion = 464F0E631C07191600536587 /* emotipic.xcdatamodel */;
			path = emotipic.xcdatamodeld;
			sourceTree = "<group>";
			versionGroupType = wrapper.xcdatamodel;
		};
/* End XCVersionGroup section */
	};
	rootObject = 464F0E501C07191600536587 /* Project object */;
}
